# This file is autogenerated, do not edit; changes may be undone by the next 'dep ensure'.


[[projects]]
  digest = "1:3dd84d3495cb054949d678afb32b31110123aaf1b58feacf484b77f08d4bed8e"
  name = "github.com/codingsince1985/geo-golang"
  packages = [
    ".",
    "locationiq",
    "osm",
  ]
  pruneopts = "UT"
  revision = "2a8ea2bd0bbc14c99dc63736d4d3928bd53a7dc1"
  version = "v4"

[solve-meta]
  analyzer-name = "dep"
  analyzer-version = 1
  input-imports = ["github.com/codingsince1985/geo-golang/locationiq"]
  solver-name = "gps-cdcl"
  solver-version = 1
